
Microsoft Visual Studio Solution File, Format Version 12.00
# Visual Studio Version 17
VisualStudioVersion = 17.0.32014.148
MinimumVisualStudioVersion = 10.0.40219.1
Project("{FAE04EC0-301F-11D3-BF4B-00C04F79EFBC}") = "Webbutveckling med .NET - Moment 3.2", "Webbutveckling med .NET - Moment 3.2\Webbutveckling med .NET - Moment 3.2.csproj", "{1775684E-7D35-47DD-AA39-B88A9843CBA7}"
EndProject
Global
	GlobalSection(SolutionConfigurationPlatforms) = preSolution
		Debug|Any CPU = Debug|Any CPU
		Release|Any CPU = Release|Any CPU
	EndGlobalSection
	GlobalSection(ProjectConfigurationPlatforms) = postSolution
		{1775684E-7D35-47DD-AA39-B88A9843CBA7}.Debug|Any CPU.ActiveCfg = Debug|Any CPU
		{1775684E-7D35-47DD-AA39-B88A9843CBA7}.Debug|Any CPU.Build.0 = Debug|Any CPU
		{1775684E-7D35-47DD-AA39-B88A9843CBA7}.Release|Any CPU.ActiveCfg = Release|Any CPU
		{1775684E-7D35-47DD-AA39-B88A9843CBA7}.Release|Any CPU.Build.0 = Release|Any CPU
	EndGlobalSection
	GlobalSection(SolutionProperties) = preSolution
		HideSolutionNode = FALSE
	EndGlobalSection
	GlobalSection(ExtensibilityGlobals) = postSolution
		SolutionGuid = {8ACFC505-3680-4B1C-BC54-4C13085018FA}
	EndGlobalSection
EndGlobal
